
Microsoft Visual Studio Solution File, Format Version 12.00
Project("{FAE04EC0-301F-11D3-BF4B-00C04F79EFBC}") = "Wrapperizer.Abstraction", "Wrapperizer.Abstraction\Wrapperizer.Abstraction.csproj", "{582511C3-0D1D-470D-92C9-062F8BAFF654}"
EndProject
Project("{2150E333-8FDC-42A3-9474-1A3956D46DE8}") = "core", "core", "{F506041B-B3D7-4CEF-BD18-8EF02D1B44A7}"
EndProject
Project("{2150E333-8FDC-42A3-9474-1A3956D46DE8}") = "test", "test", "{EE221115-A5F2-4F4F-B8EE-F891F9304237}"
EndProject
Project("{2150E333-8FDC-42A3-9474-1A3956D46DE8}") = "sample", "sample", "{CD851388-2B35-41E2-93A5-FE6ACC665CEF}"
EndProject
Project("{FAE04EC0-301F-11D3-BF4B-00C04F79EFBC}") = "Wrapperizer.Extensions.Cqrs", "Wrapperizer.Extensions.Cqrs\Wrapperizer.Extensions.Cqrs.csproj", "{37EA11A3-C2CB-4E3C-A948-CA5BACB98372}"
EndProject
Project("{FAE04EC0-301F-11D3-BF4B-00C04F79EFBC}") = "Wrapperizer.Extensions.Repositories.EfCore", "Wrapperizer.Extensions.Repositories.EfCore\Wrapperizer.Extensions.Repositories.EfCore.csproj", "{1432E1A7-788B-43BB-B16B-48B801236D56}"
EndProject
Project("{FAE04EC0-301F-11D3-BF4B-00C04F79EFBC}") = "Wrapperizer.Extensions.DependencyInjection.Abstractions", "Wrapperizer.Extensions.DependencyInjection.Abstractions\Wrapperizer.Extensions.DependencyInjection.Abstractions.csproj", "{05589ACA-5D9F-419A-9E53-639373F439F9}"
EndProject
Project("{FAE04EC0-301F-11D3-BF4B-00C04F79EFBC}") = "Wrapperizer.Sample.Api", "Wrapperizer.Sample.Api\Wrapperizer.Sample.Api.csproj", "{9CC8AF7F-069F-43AD-A71F-388D1416E88F}"
EndProject
Project("{FAE04EC0-301F-11D3-BF4B-00C04F79EFBC}") = "Wrapperizer.Extensions.Cqrs.Caching", "Wrapperizer.Extensions.Cqrs.Caching\Wrapperizer.Extensions.Cqrs.Caching.csproj", "{05EF4EDF-A356-4C59-9886-D6B1E47E1552}"
EndProject
Project("{FAE04EC0-301F-11D3-BF4B-00C04F79EFBC}") = "Wrapperizer.Extensions.Cqrs.EfCore", "Wrapperizer.Extensions.Cqrs.EfCore\Wrapperizer.Extensions.Cqrs.EfCore.csproj", "{2C7A01D3-B17F-404E-8B59-9ECC544D413A}"
EndProject
Project("{FAE04EC0-301F-11D3-BF4B-00C04F79EFBC}") = "Wrapperizer.AspNetCore.Logging", "Wrapperizer.AspNetCore.Logging\Wrapperizer.AspNetCore.Logging.csproj", "{928B1CE9-DA3D-475F-BAF1-C54B44936CED}"
EndProject
Global
	GlobalSection(SolutionConfigurationPlatforms) = preSolution
		Debug|Any CPU = Debug|Any CPU
		Release|Any CPU = Release|Any CPU
	EndGlobalSection
	GlobalSection(ProjectConfigurationPlatforms) = postSolution
		{582511C3-0D1D-470D-92C9-062F8BAFF654}.Debug|Any CPU.ActiveCfg = Debug|Any CPU
		{582511C3-0D1D-470D-92C9-062F8BAFF654}.Debug|Any CPU.Build.0 = Debug|Any CPU
		{582511C3-0D1D-470D-92C9-062F8BAFF654}.Release|Any CPU.ActiveCfg = Release|Any CPU
		{582511C3-0D1D-470D-92C9-062F8BAFF654}.Release|Any CPU.Build.0 = Release|Any CPU
		{37EA11A3-C2CB-4E3C-A948-CA5BACB98372}.Debug|Any CPU.ActiveCfg = Debug|Any CPU
		{37EA11A3-C2CB-4E3C-A948-CA5BACB98372}.Debug|Any CPU.Build.0 = Debug|Any CPU
		{37EA11A3-C2CB-4E3C-A948-CA5BACB98372}.Release|Any CPU.ActiveCfg = Release|Any CPU
		{37EA11A3-C2CB-4E3C-A948-CA5BACB98372}.Release|Any CPU.Build.0 = Release|Any CPU
		{1432E1A7-788B-43BB-B16B-48B801236D56}.Debug|Any CPU.ActiveCfg = Debug|Any CPU
		{1432E1A7-788B-43BB-B16B-48B801236D56}.Debug|Any CPU.Build.0 = Debug|Any CPU
		{1432E1A7-788B-43BB-B16B-48B801236D56}.Release|Any CPU.ActiveCfg = Release|Any CPU
		{1432E1A7-788B-43BB-B16B-48B801236D56}.Release|Any CPU.Build.0 = Release|Any CPU
		{05589ACA-5D9F-419A-9E53-639373F439F9}.Debug|Any CPU.ActiveCfg = Debug|Any CPU
		{05589ACA-5D9F-419A-9E53-639373F439F9}.Debug|Any CPU.Build.0 = Debug|Any CPU
		{05589ACA-5D9F-419A-9E53-639373F439F9}.Release|Any CPU.ActiveCfg = Release|Any CPU
		{05589ACA-5D9F-419A-9E53-639373F439F9}.Release|Any CPU.Build.0 = Release|Any CPU
		{9CC8AF7F-069F-43AD-A71F-388D1416E88F}.Debug|Any CPU.ActiveCfg = Debug|Any CPU
		{9CC8AF7F-069F-43AD-A71F-388D1416E88F}.Debug|Any CPU.Build.0 = Debug|Any CPU
		{9CC8AF7F-069F-43AD-A71F-388D1416E88F}.Release|Any CPU.ActiveCfg = Release|Any CPU
		{9CC8AF7F-069F-43AD-A71F-388D1416E88F}.Release|Any CPU.Build.0 = Release|Any CPU
		{05EF4EDF-A356-4C59-9886-D6B1E47E1552}.Debug|Any CPU.ActiveCfg = Debug|Any CPU
		{05EF4EDF-A356-4C59-9886-D6B1E47E1552}.Debug|Any CPU.Build.0 = Debug|Any CPU
		{05EF4EDF-A356-4C59-9886-D6B1E47E1552}.Release|Any CPU.ActiveCfg = Release|Any CPU
		{05EF4EDF-A356-4C59-9886-D6B1E47E1552}.Release|Any CPU.Build.0 = Release|Any CPU
		{2C7A01D3-B17F-404E-8B59-9ECC544D413A}.Debug|Any CPU.ActiveCfg = Debug|Any CPU
		{2C7A01D3-B17F-404E-8B59-9ECC544D413A}.Debug|Any CPU.Build.0 = Debug|Any CPU
		{2C7A01D3-B17F-404E-8B59-9ECC544D413A}.Release|Any CPU.ActiveCfg = Release|Any CPU
		{2C7A01D3-B17F-404E-8B59-9ECC544D413A}.Release|Any CPU.Build.0 = Release|Any CPU
		{928B1CE9-DA3D-475F-BAF1-C54B44936CED}.Debug|Any CPU.ActiveCfg = Debug|Any CPU
		{928B1CE9-DA3D-475F-BAF1-C54B44936CED}.Debug|Any CPU.Build.0 = Debug|Any CPU
		{928B1CE9-DA3D-475F-BAF1-C54B44936CED}.Release|Any CPU.ActiveCfg = Release|Any CPU
		{928B1CE9-DA3D-475F-BAF1-C54B44936CED}.Release|Any CPU.Build.0 = Release|Any CPU
	EndGlobalSection
	GlobalSection(NestedProjects) = preSolution
		{582511C3-0D1D-470D-92C9-062F8BAFF654} = {F506041B-B3D7-4CEF-BD18-8EF02D1B44A7}
		{37EA11A3-C2CB-4E3C-A948-CA5BACB98372} = {F506041B-B3D7-4CEF-BD18-8EF02D1B44A7}
		{1432E1A7-788B-43BB-B16B-48B801236D56} = {F506041B-B3D7-4CEF-BD18-8EF02D1B44A7}
		{05589ACA-5D9F-419A-9E53-639373F439F9} = {F506041B-B3D7-4CEF-BD18-8EF02D1B44A7}
		{9CC8AF7F-069F-43AD-A71F-388D1416E88F} = {CD851388-2B35-41E2-93A5-FE6ACC665CEF}
		{05EF4EDF-A356-4C59-9886-D6B1E47E1552} = {F506041B-B3D7-4CEF-BD18-8EF02D1B44A7}
		{2C7A01D3-B17F-404E-8B59-9ECC544D413A} = {F506041B-B3D7-4CEF-BD18-8EF02D1B44A7}
		{928B1CE9-DA3D-475F-BAF1-C54B44936CED} = {F506041B-B3D7-4CEF-BD18-8EF02D1B44A7}
	EndGlobalSection
EndGlobal
