
Microsoft Visual Studio Solution File, Format Version 12.00
Project("{FAE04EC0-301F-11D3-BF4B-00C04F79EFBC}") = "Wrapperizer.Abstraction", "Wrapperizer.Abstraction\Wrapperizer.Abstraction.csproj", "{582511C3-0D1D-470D-92C9-062F8BAFF654}"
EndProject
Project("{2150E333-8FDC-42A3-9474-1A3956D46DE8}") = "core", "core", "{F506041B-B3D7-4CEF-BD18-8EF02D1B44A7}"
EndProject
Project("{2150E333-8FDC-42A3-9474-1A3956D46DE8}") = "sample", "sample", "{CD851388-2B35-41E2-93A5-FE6ACC665CEF}"
EndProject
Project("{FAE04EC0-301F-11D3-BF4B-00C04F79EFBC}") = "Wrapperizer.Extensions.Cqrs", "Wrapperizer.Extensions.Cqrs\Wrapperizer.Extensions.Cqrs.csproj", "{37EA11A3-C2CB-4E3C-A948-CA5BACB98372}"
EndProject
Project("{FAE04EC0-301F-11D3-BF4B-00C04F79EFBC}") = "Wrapperizer.Extensions.Repositories.EfCore", "Wrapperizer.Extensions.Repositories.EfCore\Wrapperizer.Extensions.Repositories.EfCore.csproj", "{1432E1A7-788B-43BB-B16B-48B801236D56}"
EndProject
Project("{FAE04EC0-301F-11D3-BF4B-00C04F79EFBC}") = "Wrapperizer.Extensions.DependencyInjection.Abstractions", "Wrapperizer.Extensions.DependencyInjection.Abstractions\Wrapperizer.Extensions.DependencyInjection.Abstractions.csproj", "{05589ACA-5D9F-419A-9E53-639373F439F9}"
EndProject
Project("{FAE04EC0-301F-11D3-BF4B-00C04F79EFBC}") = "Sample.Api", "Sample.Api\Sample.Api.csproj", "{9CC8AF7F-069F-43AD-A71F-388D1416E88F}"
EndProject
Project("{FAE04EC0-301F-11D3-BF4B-00C04F79EFBC}") = "Wrapperizer.Extensions.Cqrs.Caching", "Wrapperizer.Extensions.Cqrs.Caching\Wrapperizer.Extensions.Cqrs.Caching.csproj", "{05EF4EDF-A356-4C59-9886-D6B1E47E1552}"
EndProject
Project("{FAE04EC0-301F-11D3-BF4B-00C04F79EFBC}") = "Wrapperizer.Extensions.Cqrs.EfCore", "Wrapperizer.Extensions.Cqrs.EfCore\Wrapperizer.Extensions.Cqrs.EfCore.csproj", "{2C7A01D3-B17F-404E-8B59-9ECC544D413A}"
EndProject
Project("{FAE04EC0-301F-11D3-BF4B-00C04F79EFBC}") = "Wrapperizer.AspNetCore.Logging", "Wrapperizer.AspNetCore.Logging\Wrapperizer.AspNetCore.Logging.csproj", "{928B1CE9-DA3D-475F-BAF1-C54B44936CED}"
EndProject
Project("{FAE04EC0-301F-11D3-BF4B-00C04F79EFBC}") = "Sample.HealthCheck.UI", "Sample.HealthCheck.UI\Sample.HealthCheck.UI.csproj", "{A49A16BC-C578-4A79-BE03-759E491096B6}"
EndProject
Project("{2150E333-8FDC-42A3-9474-1A3956D46DE8}") = "services", "services", "{166688D7-B741-4E06-93FE-E396E4F51ADB}"
EndProject
Project("{2150E333-8FDC-42A3-9474-1A3956D46DE8}") = "domain", "domain", "{528A2C0E-BAE1-45A3-9FA1-D9B6C922D1B0}"
EndProject
Project("{FAE04EC0-301F-11D3-BF4B-00C04F79EFBC}") = "Wrapperizer.Sample.Domain", "Wrapperizer.Sample.Domain\Wrapperizer.Sample.Domain.csproj", "{7FA06D6F-D5DE-4A25-845A-3D3BF9DD8E43}"
EndProject
Project("{FAE04EC0-301F-11D3-BF4B-00C04F79EFBC}") = "Wrapperizer.Sample.Domain.Test", "Wrapperizer.Sample.Domain.Test\Wrapperizer.Sample.Domain.Test.csproj", "{ACABAF6B-5AB2-4397-BB2F-49C4F07B155D}"
EndProject
Project("{2150E333-8FDC-42A3-9474-1A3956D46DE8}") = "infra", "infra", "{04EA4B03-29DD-4086-ACDB-7039F25BF997}"
EndProject
Project("{2150E333-8FDC-42A3-9474-1A3956D46DE8}") = "persistence", "persistence", "{5ABA8CFF-81A2-4DBC-A568-2A263AB14326}"
EndProject
Project("{FAE04EC0-301F-11D3-BF4B-00C04F79EFBC}") = "Wrapperizer.Sample.Infra.Persistence", "Wrapperizer.Sample.Infra.Persistence\Wrapperizer.Sample.Infra.Persistence.csproj", "{EFD7C6A0-225D-4FDE-8E8C-67B9B158E3A2}"
EndProject
Project("{FAE04EC0-301F-11D3-BF4B-00C04F79EFBC}") = "Wrapperizer.Sample.Configurations", "Wrapperizer.Sample.Configurations\Wrapperizer.Sample.Configurations.csproj", "{06A9AE70-9157-4EEC-BCEF-E8588E836420}"
EndProject
Project("{2150E333-8FDC-42A3-9474-1A3956D46DE8}") = "application", "application", "{FF6E3F9F-2F92-40EA-BE3D-B93DA36DE422}"
EndProject
Project("{FAE04EC0-301F-11D3-BF4B-00C04F79EFBC}") = "Wrapperizer.Sample.Application", "Wrapperizer.Sample.Application\Wrapperizer.Sample.Application.csproj", "{86F4FEBF-F46B-4B67-90DD-AF018D16B9FD}"
EndProject
Project("{FAE04EC0-301F-11D3-BF4B-00C04F79EFBC}") = "Wrapperizer.Sample.Infra.Persistence.AspNetCore.Migrator", "Wrapperizer.Sample.Infra.Persistence.AspNetCore.Migrator\Wrapperizer.Sample.Infra.Persistence.AspNetCore.Migrator.csproj", "{AFCA4759-60E7-43A7-9AE4-FD857F6EB7C8}"
EndProject
Project("{FAE04EC0-301F-11D3-BF4B-00C04F79EFBC}") = "Wrapperizer.Outbox", "Wrapperizer.Outbox\Wrapperizer.Outbox.csproj", "{418FC4CF-8004-47DB-9E4C-E1619F188A5D}"
EndProject
Project("{FAE04EC0-301F-11D3-BF4B-00C04F79EFBC}") = "Sample.University.Notification", "Sample.University.Notification\Sample.University.Notification.csproj", "{0902D117-1AC3-49EB-9663-00205AA538FB}"
EndProject
Project("{FAE04EC0-301F-11D3-BF4B-00C04F79EFBC}") = "Sample.IntegrationEvents", "Sample.IntegrationEvents\Sample.IntegrationEvents.csproj", "{4AAFD262-61B1-49A5-A2D4-0BFB33984C04}"
EndProject
Global
	GlobalSection(SolutionConfigurationPlatforms) = preSolution
		Debug|Any CPU = Debug|Any CPU
		Release|Any CPU = Release|Any CPU
	EndGlobalSection
	GlobalSection(ProjectConfigurationPlatforms) = postSolution
		{582511C3-0D1D-470D-92C9-062F8BAFF654}.Debug|Any CPU.ActiveCfg = Debug|Any CPU
		{582511C3-0D1D-470D-92C9-062F8BAFF654}.Debug|Any CPU.Build.0 = Debug|Any CPU
		{582511C3-0D1D-470D-92C9-062F8BAFF654}.Release|Any CPU.ActiveCfg = Release|Any CPU
		{582511C3-0D1D-470D-92C9-062F8BAFF654}.Release|Any CPU.Build.0 = Release|Any CPU
		{37EA11A3-C2CB-4E3C-A948-CA5BACB98372}.Debug|Any CPU.ActiveCfg = Debug|Any CPU
		{37EA11A3-C2CB-4E3C-A948-CA5BACB98372}.Debug|Any CPU.Build.0 = Debug|Any CPU
		{37EA11A3-C2CB-4E3C-A948-CA5BACB98372}.Release|Any CPU.ActiveCfg = Release|Any CPU
		{37EA11A3-C2CB-4E3C-A948-CA5BACB98372}.Release|Any CPU.Build.0 = Release|Any CPU
		{1432E1A7-788B-43BB-B16B-48B801236D56}.Debug|Any CPU.ActiveCfg = Debug|Any CPU
		{1432E1A7-788B-43BB-B16B-48B801236D56}.Debug|Any CPU.Build.0 = Debug|Any CPU
		{1432E1A7-788B-43BB-B16B-48B801236D56}.Release|Any CPU.ActiveCfg = Release|Any CPU
		{1432E1A7-788B-43BB-B16B-48B801236D56}.Release|Any CPU.Build.0 = Release|Any CPU
		{05589ACA-5D9F-419A-9E53-639373F439F9}.Debug|Any CPU.ActiveCfg = Debug|Any CPU
		{05589ACA-5D9F-419A-9E53-639373F439F9}.Debug|Any CPU.Build.0 = Debug|Any CPU
		{05589ACA-5D9F-419A-9E53-639373F439F9}.Release|Any CPU.ActiveCfg = Release|Any CPU
		{05589ACA-5D9F-419A-9E53-639373F439F9}.Release|Any CPU.Build.0 = Release|Any CPU
		{9CC8AF7F-069F-43AD-A71F-388D1416E88F}.Debug|Any CPU.ActiveCfg = Debug|Any CPU
		{9CC8AF7F-069F-43AD-A71F-388D1416E88F}.Debug|Any CPU.Build.0 = Debug|Any CPU
		{9CC8AF7F-069F-43AD-A71F-388D1416E88F}.Release|Any CPU.ActiveCfg = Release|Any CPU
		{9CC8AF7F-069F-43AD-A71F-388D1416E88F}.Release|Any CPU.Build.0 = Release|Any CPU
		{05EF4EDF-A356-4C59-9886-D6B1E47E1552}.Debug|Any CPU.ActiveCfg = Debug|Any CPU
		{05EF4EDF-A356-4C59-9886-D6B1E47E1552}.Debug|Any CPU.Build.0 = Debug|Any CPU
		{05EF4EDF-A356-4C59-9886-D6B1E47E1552}.Release|Any CPU.ActiveCfg = Release|Any CPU
		{05EF4EDF-A356-4C59-9886-D6B1E47E1552}.Release|Any CPU.Build.0 = Release|Any CPU
		{2C7A01D3-B17F-404E-8B59-9ECC544D413A}.Debug|Any CPU.ActiveCfg = Debug|Any CPU
		{2C7A01D3-B17F-404E-8B59-9ECC544D413A}.Debug|Any CPU.Build.0 = Debug|Any CPU
		{2C7A01D3-B17F-404E-8B59-9ECC544D413A}.Release|Any CPU.ActiveCfg = Release|Any CPU
		{2C7A01D3-B17F-404E-8B59-9ECC544D413A}.Release|Any CPU.Build.0 = Release|Any CPU
		{928B1CE9-DA3D-475F-BAF1-C54B44936CED}.Debug|Any CPU.ActiveCfg = Debug|Any CPU
		{928B1CE9-DA3D-475F-BAF1-C54B44936CED}.Debug|Any CPU.Build.0 = Debug|Any CPU
		{928B1CE9-DA3D-475F-BAF1-C54B44936CED}.Release|Any CPU.ActiveCfg = Release|Any CPU
		{928B1CE9-DA3D-475F-BAF1-C54B44936CED}.Release|Any CPU.Build.0 = Release|Any CPU
		{A49A16BC-C578-4A79-BE03-759E491096B6}.Debug|Any CPU.ActiveCfg = Debug|Any CPU
		{A49A16BC-C578-4A79-BE03-759E491096B6}.Debug|Any CPU.Build.0 = Debug|Any CPU
		{A49A16BC-C578-4A79-BE03-759E491096B6}.Release|Any CPU.ActiveCfg = Release|Any CPU
		{A49A16BC-C578-4A79-BE03-759E491096B6}.Release|Any CPU.Build.0 = Release|Any CPU
		{7FA06D6F-D5DE-4A25-845A-3D3BF9DD8E43}.Debug|Any CPU.ActiveCfg = Debug|Any CPU
		{7FA06D6F-D5DE-4A25-845A-3D3BF9DD8E43}.Debug|Any CPU.Build.0 = Debug|Any CPU
		{7FA06D6F-D5DE-4A25-845A-3D3BF9DD8E43}.Release|Any CPU.ActiveCfg = Release|Any CPU
		{7FA06D6F-D5DE-4A25-845A-3D3BF9DD8E43}.Release|Any CPU.Build.0 = Release|Any CPU
		{ACABAF6B-5AB2-4397-BB2F-49C4F07B155D}.Debug|Any CPU.ActiveCfg = Debug|Any CPU
		{ACABAF6B-5AB2-4397-BB2F-49C4F07B155D}.Debug|Any CPU.Build.0 = Debug|Any CPU
		{ACABAF6B-5AB2-4397-BB2F-49C4F07B155D}.Release|Any CPU.ActiveCfg = Release|Any CPU
		{ACABAF6B-5AB2-4397-BB2F-49C4F07B155D}.Release|Any CPU.Build.0 = Release|Any CPU
		{EFD7C6A0-225D-4FDE-8E8C-67B9B158E3A2}.Debug|Any CPU.ActiveCfg = Debug|Any CPU
		{EFD7C6A0-225D-4FDE-8E8C-67B9B158E3A2}.Debug|Any CPU.Build.0 = Debug|Any CPU
		{EFD7C6A0-225D-4FDE-8E8C-67B9B158E3A2}.Release|Any CPU.ActiveCfg = Release|Any CPU
		{EFD7C6A0-225D-4FDE-8E8C-67B9B158E3A2}.Release|Any CPU.Build.0 = Release|Any CPU
		{06A9AE70-9157-4EEC-BCEF-E8588E836420}.Debug|Any CPU.ActiveCfg = Debug|Any CPU
		{06A9AE70-9157-4EEC-BCEF-E8588E836420}.Debug|Any CPU.Build.0 = Debug|Any CPU
		{06A9AE70-9157-4EEC-BCEF-E8588E836420}.Release|Any CPU.ActiveCfg = Release|Any CPU
		{06A9AE70-9157-4EEC-BCEF-E8588E836420}.Release|Any CPU.Build.0 = Release|Any CPU
		{86F4FEBF-F46B-4B67-90DD-AF018D16B9FD}.Debug|Any CPU.ActiveCfg = Debug|Any CPU
		{86F4FEBF-F46B-4B67-90DD-AF018D16B9FD}.Debug|Any CPU.Build.0 = Debug|Any CPU
		{86F4FEBF-F46B-4B67-90DD-AF018D16B9FD}.Release|Any CPU.ActiveCfg = Release|Any CPU
		{86F4FEBF-F46B-4B67-90DD-AF018D16B9FD}.Release|Any CPU.Build.0 = Release|Any CPU
		{AFCA4759-60E7-43A7-9AE4-FD857F6EB7C8}.Debug|Any CPU.ActiveCfg = Debug|Any CPU
		{AFCA4759-60E7-43A7-9AE4-FD857F6EB7C8}.Debug|Any CPU.Build.0 = Debug|Any CPU
		{AFCA4759-60E7-43A7-9AE4-FD857F6EB7C8}.Release|Any CPU.ActiveCfg = Release|Any CPU
		{AFCA4759-60E7-43A7-9AE4-FD857F6EB7C8}.Release|Any CPU.Build.0 = Release|Any CPU
		{418FC4CF-8004-47DB-9E4C-E1619F188A5D}.Debug|Any CPU.ActiveCfg = Debug|Any CPU
		{418FC4CF-8004-47DB-9E4C-E1619F188A5D}.Debug|Any CPU.Build.0 = Debug|Any CPU
		{418FC4CF-8004-47DB-9E4C-E1619F188A5D}.Release|Any CPU.ActiveCfg = Release|Any CPU
		{418FC4CF-8004-47DB-9E4C-E1619F188A5D}.Release|Any CPU.Build.0 = Release|Any CPU
		{0902D117-1AC3-49EB-9663-00205AA538FB}.Debug|Any CPU.ActiveCfg = Debug|Any CPU
		{0902D117-1AC3-49EB-9663-00205AA538FB}.Debug|Any CPU.Build.0 = Debug|Any CPU
		{0902D117-1AC3-49EB-9663-00205AA538FB}.Release|Any CPU.ActiveCfg = Release|Any CPU
		{0902D117-1AC3-49EB-9663-00205AA538FB}.Release|Any CPU.Build.0 = Release|Any CPU
		{4AAFD262-61B1-49A5-A2D4-0BFB33984C04}.Debug|Any CPU.ActiveCfg = Debug|Any CPU
		{4AAFD262-61B1-49A5-A2D4-0BFB33984C04}.Debug|Any CPU.Build.0 = Debug|Any CPU
		{4AAFD262-61B1-49A5-A2D4-0BFB33984C04}.Release|Any CPU.ActiveCfg = Release|Any CPU
		{4AAFD262-61B1-49A5-A2D4-0BFB33984C04}.Release|Any CPU.Build.0 = Release|Any CPU
	EndGlobalSection
	GlobalSection(NestedProjects) = preSolution
		{582511C3-0D1D-470D-92C9-062F8BAFF654} = {F506041B-B3D7-4CEF-BD18-8EF02D1B44A7}
		{37EA11A3-C2CB-4E3C-A948-CA5BACB98372} = {F506041B-B3D7-4CEF-BD18-8EF02D1B44A7}
		{1432E1A7-788B-43BB-B16B-48B801236D56} = {F506041B-B3D7-4CEF-BD18-8EF02D1B44A7}
		{05589ACA-5D9F-419A-9E53-639373F439F9} = {F506041B-B3D7-4CEF-BD18-8EF02D1B44A7}
		{05EF4EDF-A356-4C59-9886-D6B1E47E1552} = {F506041B-B3D7-4CEF-BD18-8EF02D1B44A7}
		{2C7A01D3-B17F-404E-8B59-9ECC544D413A} = {F506041B-B3D7-4CEF-BD18-8EF02D1B44A7}
		{928B1CE9-DA3D-475F-BAF1-C54B44936CED} = {F506041B-B3D7-4CEF-BD18-8EF02D1B44A7}
		{166688D7-B741-4E06-93FE-E396E4F51ADB} = {CD851388-2B35-41E2-93A5-FE6ACC665CEF}
		{A49A16BC-C578-4A79-BE03-759E491096B6} = {166688D7-B741-4E06-93FE-E396E4F51ADB}
		{9CC8AF7F-069F-43AD-A71F-388D1416E88F} = {166688D7-B741-4E06-93FE-E396E4F51ADB}
		{528A2C0E-BAE1-45A3-9FA1-D9B6C922D1B0} = {CD851388-2B35-41E2-93A5-FE6ACC665CEF}
		{7FA06D6F-D5DE-4A25-845A-3D3BF9DD8E43} = {528A2C0E-BAE1-45A3-9FA1-D9B6C922D1B0}
		{ACABAF6B-5AB2-4397-BB2F-49C4F07B155D} = {528A2C0E-BAE1-45A3-9FA1-D9B6C922D1B0}
		{04EA4B03-29DD-4086-ACDB-7039F25BF997} = {CD851388-2B35-41E2-93A5-FE6ACC665CEF}
		{5ABA8CFF-81A2-4DBC-A568-2A263AB14326} = {04EA4B03-29DD-4086-ACDB-7039F25BF997}
		{EFD7C6A0-225D-4FDE-8E8C-67B9B158E3A2} = {5ABA8CFF-81A2-4DBC-A568-2A263AB14326}
		{06A9AE70-9157-4EEC-BCEF-E8588E836420} = {04EA4B03-29DD-4086-ACDB-7039F25BF997}
		{FF6E3F9F-2F92-40EA-BE3D-B93DA36DE422} = {CD851388-2B35-41E2-93A5-FE6ACC665CEF}
		{86F4FEBF-F46B-4B67-90DD-AF018D16B9FD} = {FF6E3F9F-2F92-40EA-BE3D-B93DA36DE422}
		{AFCA4759-60E7-43A7-9AE4-FD857F6EB7C8} = {5ABA8CFF-81A2-4DBC-A568-2A263AB14326}
		{418FC4CF-8004-47DB-9E4C-E1619F188A5D} = {F506041B-B3D7-4CEF-BD18-8EF02D1B44A7}
		{0902D117-1AC3-49EB-9663-00205AA538FB} = {166688D7-B741-4E06-93FE-E396E4F51ADB}
		{4AAFD262-61B1-49A5-A2D4-0BFB33984C04} = {CD851388-2B35-41E2-93A5-FE6ACC665CEF}
	EndGlobalSection
EndGlobal
